
Microsoft Visual Studio Solution File, Format Version 12.00
# Visual Studio 15
VisualStudioVersion = 15.0.26730.16
MinimumVisualStudioVersion = 10.0.40219.1
Project("{2150E333-8FDC-42A3-9474-1A3956D46DE8}") = "src", "src", "{DD526A9D-66E5-4744-9025-8EE193E4F0A7}"
EndProject
Project("{2150E333-8FDC-42A3-9474-1A3956D46DE8}") = "tests", "tests", "{C62B2308-A15F-4DDC-952D-968F957A2135}"
EndProject
Project("{2150E333-8FDC-42A3-9474-1A3956D46DE8}") = "samples", "samples", "{2BCF00D4-FDBC-4975-ADC2-2A8658625AAF}"
EndProject
Project("{2150E333-8FDC-42A3-9474-1A3956D46DE8}") = "items", "items", "{C58B8120-2042-48C3-9052-DD6434F30591}"
	ProjectSection(SolutionItems) = preProject
		.gitattributes = .gitattributes
		.gitignore = .gitignore
		GitVersion.yml = GitVersion.yml
		LICENSE.md = LICENSE.md
		README.md = README.md
	EndProjectSection
EndProject
Project("{9A19103F-16F7-4668-BE54-9A1E7A4F7556}") = "GeekLearning.Logging.Azure", "src\GeekLearning.Logging.Azure\GeekLearning.Logging.Azure.csproj", "{4CE276A4-70B1-4833-968B-6C86AD5A418D}"
EndProject
Project("{9A19103F-16F7-4668-BE54-9A1E7A4F7556}") = "GeekLearning.Logging", "src\GeekLearning.Logging\GeekLearning.Logging.csproj", "{F9245103-86CA-4969-8CD3-1EBD5FC575C8}"
EndProject
Project("{9A19103F-16F7-4668-BE54-9A1E7A4F7556}") = "GeekLearning.Logging.Sample", "samples\GeekLearning.Logging.Sample\GeekLearning.Logging.Sample.csproj", "{862C3FA0-6F64-4820-9C85-47C2F6C0125D}"
EndProject
Project("{9A19103F-16F7-4668-BE54-9A1E7A4F7556}") = "GeekLearning.Logging.Tests", "tests\GeekLearning.Logging.Tests\GeekLearning.Logging.Tests.csproj", "{BE4BEEF2-C37D-4925-9CE0-0B6F0B8EF684}"
EndProject
Project("{9A19103F-16F7-4668-BE54-9A1E7A4F7556}") = "GeekLearning.Logging.AspNetCore", "src\GeekLearning.Logging.AspNetCore\GeekLearning.Logging.AspNetCore.csproj", "{4004C0C2-DB05-48A8-9DE5-4506AFE5EF6D}"
EndProject
Global
	GlobalSection(SolutionConfigurationPlatforms) = preSolution
		Debug|Any CPU = Debug|Any CPU
		Release|Any CPU = Release|Any CPU
	EndGlobalSection
	GlobalSection(ProjectConfigurationPlatforms) = postSolution
		{4CE276A4-70B1-4833-968B-6C86AD5A418D}.Debug|Any CPU.ActiveCfg = Debug|Any CPU
		{4CE276A4-70B1-4833-968B-6C86AD5A418D}.Debug|Any CPU.Build.0 = Debug|Any CPU
		{4CE276A4-70B1-4833-968B-6C86AD5A418D}.Release|Any CPU.ActiveCfg = Release|Any CPU
		{4CE276A4-70B1-4833-968B-6C86AD5A418D}.Release|Any CPU.Build.0 = Release|Any CPU
		{F9245103-86CA-4969-8CD3-1EBD5FC575C8}.Debug|Any CPU.ActiveCfg = Debug|Any CPU
		{F9245103-86CA-4969-8CD3-1EBD5FC575C8}.Debug|Any CPU.Build.0 = Debug|Any CPU
		{F9245103-86CA-4969-8CD3-1EBD5FC575C8}.Release|Any CPU.ActiveCfg = Release|Any CPU
		{F9245103-86CA-4969-8CD3-1EBD5FC575C8}.Release|Any CPU.Build.0 = Release|Any CPU
		{862C3FA0-6F64-4820-9C85-47C2F6C0125D}.Debug|Any CPU.ActiveCfg = Debug|Any CPU
		{862C3FA0-6F64-4820-9C85-47C2F6C0125D}.Debug|Any CPU.Build.0 = Debug|Any CPU
		{862C3FA0-6F64-4820-9C85-47C2F6C0125D}.Release|Any CPU.ActiveCfg = Release|Any CPU
		{862C3FA0-6F64-4820-9C85-47C2F6C0125D}.Release|Any CPU.Build.0 = Release|Any CPU
		{BE4BEEF2-C37D-4925-9CE0-0B6F0B8EF684}.Debug|Any CPU.ActiveCfg = Debug|Any CPU
		{BE4BEEF2-C37D-4925-9CE0-0B6F0B8EF684}.Debug|Any CPU.Build.0 = Debug|Any CPU
		{BE4BEEF2-C37D-4925-9CE0-0B6F0B8EF684}.Release|Any CPU.ActiveCfg = Release|Any CPU
		{BE4BEEF2-C37D-4925-9CE0-0B6F0B8EF684}.Release|Any CPU.Build.0 = Release|Any CPU
		{4004C0C2-DB05-48A8-9DE5-4506AFE5EF6D}.Debug|Any CPU.ActiveCfg = Debug|Any CPU
		{4004C0C2-DB05-48A8-9DE5-4506AFE5EF6D}.Debug|Any CPU.Build.0 = Debug|Any CPU
		{4004C0C2-DB05-48A8-9DE5-4506AFE5EF6D}.Release|Any CPU.ActiveCfg = Release|Any CPU
		{4004C0C2-DB05-48A8-9DE5-4506AFE5EF6D}.Release|Any CPU.Build.0 = Release|Any CPU
	EndGlobalSection
	GlobalSection(SolutionProperties) = preSolution
		HideSolutionNode = FALSE
	EndGlobalSection
	GlobalSection(NestedProjects) = preSolution
		{4CE276A4-70B1-4833-968B-6C86AD5A418D} = {DD526A9D-66E5-4744-9025-8EE193E4F0A7}
		{F9245103-86CA-4969-8CD3-1EBD5FC575C8} = {DD526A9D-66E5-4744-9025-8EE193E4F0A7}
		{862C3FA0-6F64-4820-9C85-47C2F6C0125D} = {2BCF00D4-FDBC-4975-ADC2-2A8658625AAF}
		{BE4BEEF2-C37D-4925-9CE0-0B6F0B8EF684} = {C62B2308-A15F-4DDC-952D-968F957A2135}
		{4004C0C2-DB05-48A8-9DE5-4506AFE5EF6D} = {DD526A9D-66E5-4744-9025-8EE193E4F0A7}
	EndGlobalSection
	GlobalSection(ExtensibilityGlobals) = postSolution
		SolutionGuid = {2F81A271-FE6B-46E2-AD0D-5B55769F79F3}
	EndGlobalSection
EndGlobal
